github.com/PurplWarrior22/TestingCode/services/models v0.0.0-20220120235030-f967f6b68187/go.mod h1:qSK5grwJZKINZNky0lwYZML605xDmrAn1rKB2a7U1Mc=
github.com/PurplWarrior22/TestingCode/services/utilities v0.0.0-20220518205610-7768d9eea1e8 h1:0wkj/AaMilkAwqs2HhO78rlQ9TIZvnjpGMpscmS14oI=
github.com/PurplWarrior22/TestingCode/services/utilities v0.0.0-20220518205610-7768d9eea1e8/go.mod h1:Gx82SPcf7nybSzKK8+vL8/qKD4tAejx2VCIko0OAqWQ=
